// !$*UTF8*$!
{
	archiveVersion = 1;
	classes = {
	};
	objectVersion = 46;
	objects = {

/* Begin PBXBuildFile section */
		6703F4E516B75F07006A8F88 /* Settings.xib in Resources */ = {isa = PBXBuildFile; fileRef = 6703F4E416B75F07006A8F88 /* Settings.xib */; };
		6703F4E816B75F12006A8F88 /* Performance.xib in Resources */ = {isa = PBXBuildFile; fileRef = 6703F4E716B75F12006A8F88 /* Performance.xib */; };
		6703F4EA16B75F4A006A8F88 /* Goals.xib in Resources */ = {isa = PBXBuildFile; fileRef = 6703F4E916B75F4A006A8F88 /* Goals.xib */; };
		6703F4EC16B75F57006A8F88 /* Start.xib in Resources */ = {isa = PBXBuildFile; fileRef = 6703F4EB16B75F57006A8F88 /* Start.xib */; };
		6703F4EE16B75F64006A8F88 /* Menu.xib in Resources */ = {isa = PBXBuildFile; fileRef = 6703F4ED16B75F63006A8F88 /* Menu.xib */; };
		6721F88116AE39AC00FE84C5 /* RunMap.m in Sources */ = {isa = PBXBuildFile; fileRef = 6721F88016AE39AB00FE84C5 /* RunMap.m */; };
		6721F88516AE3D4E00FE84C5 /* Log.m in Sources */ = {isa = PBXBuildFile; fileRef = 6721F88316AE3D4E00FE84C5 /* Log.m */; };
		67236D0916409B7700DD13C5 /* UIKit.framework in Frameworks */ = {isa = PBXBuildFile; fileRef = 67236D0816409B7700DD13C5 /* UIKit.framework */; };
		67236D0B16409B7700DD13C5 /* Foundation.framework in Frameworks */ = {isa = PBXBuildFile; fileRef = 67236D0A16409B7700DD13C5 /* Foundation.framework */; };
		67236D0D16409B7700DD13C5 /* CoreGraphics.framework in Frameworks */ = {isa = PBXBuildFile; fileRef = 67236D0C16409B7700DD13C5 /* CoreGraphics.framework */; };
		67236D1316409B7700DD13C5 /* InfoPlist.strings in Resources */ = {isa = PBXBuildFile; fileRef = 67236D1116409B7700DD13C5 /* InfoPlist.strings */; };
		67236D1516409B7700DD13C5 /* main.m in Sources */ = {isa = PBXBuildFile; fileRef = 67236D1416409B7700DD13C5 /* main.m */; };
		67236D1916409B7700DD13C5 /* AppDelegate.m in Sources */ = {isa = PBXBuildFile; fileRef = 67236D1816409B7700DD13C5 /* AppDelegate.m */; };
		67236D2516409B7700DD13C5 /* Menu.m in Sources */ = {isa = PBXBuildFile; fileRef = 67236D2416409B7700DD13C5 /* Menu.m */; };
		67236D2C16409B7700DD13C5 /* Logger.m in Sources */ = {isa = PBXBuildFile; fileRef = 67236D2B16409B7700DD13C5 /* Logger.m */; };
		672AA39216B4C87E00B7DEE6 /* StartCell.m in Sources */ = {isa = PBXBuildFile; fileRef = 672AA39016B4C87E00B7DEE6 /* StartCell.m */; };
		672AA39316B4C87E00B7DEE6 /* StartCell.xib in Resources */ = {isa = PBXBuildFile; fileRef = 672AA39116B4C87E00B7DEE6 /* StartCell.xib */; };
		672AA39616B4C9BA00B7DEE6 /* addbutton.png in Resources */ = {isa = PBXBuildFile; fileRef = 672AA39516B4C9BA00B7DEE6 /* addbutton.png */; };
		672AA39D16B4F70300B7DEE6 /* FlatToolbar.m in Sources */ = {isa = PBXBuildFile; fileRef = 672AA39C16B4F70300B7DEE6 /* FlatToolbar.m */; };
		672AA3B416B5990700B7DEE6 /* Settings.m in Sources */ = {isa = PBXBuildFile; fileRef = 672AA3B316B5990700B7DEE6 /* Settings.m */; };
		672AA3C716B5A6D300B7DEE6 /* PerformanceViewController.m in Sources */ = {isa = PBXBuildFile; fileRef = 672AA3C616B5A6D300B7DEE6 /* PerformanceViewController.m */; };
		672AA43816B5AE6700B7DEE6 /* QuartzCore.framework in Frameworks */ = {isa = PBXBuildFile; fileRef = 672AA43716B5AE6600B7DEE6 /* QuartzCore.framework */; };
		672AA49E16B5B25B00B7DEE6 /* libCorePlot-CocoaTouch.a in Frameworks */ = {isa = PBXBuildFile; fileRef = 672AA49D16B5B25A00B7DEE6 /* libCorePlot-CocoaTouch.a */; };
		672AA4EB16B5BAAF00B7DEE6 /* ChartView.xib in Resources */ = {isa = PBXBuildFile; fileRef = 672AA4EA16B5BAAF00B7DEE6 /* ChartView.xib */; };
		672AA4F216B602A500B7DEE6 /* ChartViewController.m in Sources */ = {isa = PBXBuildFile; fileRef = 672AA4F116B602A400B7DEE6 /* ChartViewController.m */; };
		672AA4F516B6128700B7DEE6 /* StartViewController.m in Sources */ = {isa = PBXBuildFile; fileRef = 672AA4F416B6128700B7DEE6 /* StartViewController.m */; };
		672AA4F916B6150B00B7DEE6 /* GoalsViewController.m in Sources */ = {isa = PBXBuildFile; fileRef = 672AA4F816B6150B00B7DEE6 /* GoalsViewController.m */; };
		672AA50B16B73DAE00B7DEE6 /* frontViewControllerDropShadow.png in Resources */ = {isa = PBXBuildFile; fileRef = 672AA50716B73DAE00B7DEE6 /* frontViewControllerDropShadow.png */; };
		672AA50C16B73DAE00B7DEE6 /* frontViewControllerDropShadow@2x.png in Resources */ = {isa = PBXBuildFile; fileRef = 672AA50816B73DAE00B7DEE6 /* frontViewControllerDropShadow@2x.png */; };
		672AA50D16B73DAE00B7DEE6 /* JSSlidingViewController.m in Sources */ = {isa = PBXBuildFile; fileRef = 672AA50A16B73DAE00B7DEE6 /* JSSlidingViewController.m */; };
		672AA50F16B7437100B7DEE6 /* Logger.xib in Resources */ = {isa = PBXBuildFile; fileRef = 672AA50E16B7437100B7DEE6 /* Logger.xib */; };
		6738D66A16ACE7DE0044BA00 /* map.JPG in Resources */ = {isa = PBXBuildFile; fileRef = 6738D66916ACE7DE0044BA00 /* map.JPG */; };
		6745C7EE16ACDBB9005F4F1B /* hud.png in Resources */ = {isa = PBXBuildFile; fileRef = 6745C7ED16ACDBB9005F4F1B /* hud.png */; };
		6745C7F116ACDD40005F4F1B /* HUDCell.xib in Resources */ = {isa = PBXBuildFile; fileRef = 6745C7F016ACDD40005F4F1B /* HUDCell.xib */; };
		6745C7F416ACE09E005F4F1B /* HUDCell.m in Sources */ = {isa = PBXBuildFile; fileRef = 6745C7F316ACE09E005F4F1B /* HUDCell.m */; };
		6745C7F716ACE259005F4F1B /* HUDView.m in Sources */ = {isa = PBXBuildFile; fileRef = 6745C7F616ACE259005F4F1B /* HUDView.m */; };
		6745C7F916ACE54D005F4F1B /* RightArrow.png in Resources */ = {isa = PBXBuildFile; fileRef = 6745C7F816ACE54D005F4F1B /* RightArrow.png */; };
		6748646F16B237C2004D2B47 /* switch.png in Resources */ = {isa = PBXBuildFile; fileRef = 6748646E16B237C2004D2B47 /* switch.png */; };
		6748647216B23890004D2B47 /* settings.png in Resources */ = {isa = PBXBuildFile; fileRef = 6748647116B23890004D2B47 /* settings.png */; };
		67FC068A16A1150C00491C97 /* HierarchicalCell.m in Sources */ = {isa = PBXBuildFile; fileRef = 67FC068916A1150C00491C97 /* HierarchicalCell.m */; };
		67FC068D16A117B800491C97 /* Constants.m in Sources */ = {isa = PBXBuildFile; fileRef = 67FC068C16A117B800491C97 /* Constants.m */; };
		67FC06B116A11F5E00491C97 /* pause_logo_large.png in Resources */ = {isa = PBXBuildFile; fileRef = 67FC06B016A11F5E00491C97 /* pause_logo_large.png */; };
		67FC06B316A11FC700491C97 /* hamburger.png in Resources */ = {isa = PBXBuildFile; fileRef = 67FC06B216A11FC700491C97 /* hamburger.png */; };
		67FC06B516A1205300491C97 /* CellBarsIcon.png in Resources */ = {isa = PBXBuildFile; fileRef = 67FC06B416A1205300491C97 /* CellBarsIcon.png */; };
		67FC06B716A1247D00491C97 /* mapicon.png in Resources */ = {isa = PBXBuildFile; fileRef = 67FC06B616A1247D00491C97 /* mapicon.png */; };
		67FC06BA16A1250500491C97 /* PaceChart.m in Sources */ = {isa = PBXBuildFile; fileRef = 67FC06B916A1250500491C97 /* PaceChart.m */; };
		67FC06C116A1D14000491C97 /* DataController.m in Sources */ = {isa = PBXBuildFile; fileRef = 67FC06C016A1D14000491C97 /* DataController.m */; };
		67FC06C416A1D15900491C97 /* RunEvent.m in Sources */ = {isa = PBXBuildFile; fileRef = 67FC06C316A1D15900491C97 /* RunEvent.m */; };
		67FC06C716A1D4AF00491C97 /* RunType.m in Sources */ = {isa = PBXBuildFile; fileRef = 67FC06C616A1D4AE00491C97 /* RunType.m */; };
		67FC070516ACD4F400491C97 /* HierarchicalCell.xib in Resources */ = {isa = PBXBuildFile; fileRef = 67FC070416ACD4F400491C97 /* HierarchicalCell.xib */; };
		67FC070716ACD62B00491C97 /* RightFillTriangleIcon.png in Resources */ = {isa = PBXBuildFile; fileRef = 67FC070616ACD62B00491C97 /* RightFillTriangleIcon.png */; };
		67FC070916ACD63300491C97 /* DownTriangleIcon.png in Resources */ = {isa = PBXBuildFile; fileRef = 67FC070816ACD63300491C97 /* DownTriangleIcon.png */; };
		67FC070B16ACD74300491C97 /* HUDView.xib in Resources */ = {isa = PBXBuildFile; fileRef = 67FC070A16ACD74300491C97 /* HUDView.xib */; };
/* End PBXBuildFile section */

/* Begin PBXFileReference section */
		6703F4E416B75F07006A8F88 /* Settings.xib */ = {isa = PBXFileReference; fileEncoding = 4; lastKnownFileType = file.xib; path = Settings.xib; sourceTree = "<group>"; };
		6703F4E716B75F12006A8F88 /* Performance.xib */ = {isa = PBXFileReference; fileEncoding = 4; lastKnownFileType = file.xib; path = Performance.xib; sourceTree = "<group>"; };
		6703F4E916B75F4A006A8F88 /* Goals.xib */ = {isa = PBXFileReference; fileEncoding = 4; lastKnownFileType = file.xib; path = Goals.xib; sourceTree = "<group>"; };
		6703F4EB16B75F57006A8F88 /* Start.xib */ = {isa = PBXFileReference; fileEncoding = 4; lastKnownFileType = file.xib; path = Start.xib; sourceTree = "<group>"; };
		6703F4ED16B75F63006A8F88 /* Menu.xib */ = {isa = PBXFileReference; fileEncoding = 4; lastKnownFileType = file.xib; path = Menu.xib; sourceTree = "<group>"; };
		6721F87F16AE39AB00FE84C5 /* RunMap.h */ = {isa = PBXFileReference; fileEncoding = 4; lastKnownFileType = sourcecode.c.h; path = RunMap.h; sourceTree = "<group>"; };
		6721F88016AE39AB00FE84C5 /* RunMap.m */ = {isa = PBXFileReference; fileEncoding = 4; lastKnownFileType = sourcecode.c.objc; path = RunMap.m; sourceTree = "<group>"; };
		6721F88316AE3D4E00FE84C5 /* Log.m */ = {isa = PBXFileReference; fileEncoding = 4; lastKnownFileType = sourcecode.c.objc; path = Log.m; sourceTree = "<group>"; };
		6721F88416AE3D4E00FE84C5 /* Log.h */ = {isa = PBXFileReference; fileEncoding = 4; lastKnownFileType = sourcecode.c.h; path = Log.h; sourceTree = "<group>"; };
		67236D0416409B7700DD13C5 /* RunnersCompass.app */ = {isa = PBXFileReference; explicitFileType = wrapper.application; includeInIndex = 0; path = RunnersCompass.app; sourceTree = BUILT_PRODUCTS_DIR; };
		67236D0816409B7700DD13C5 /* UIKit.framework */ = {isa = PBXFileReference; lastKnownFileType = wrapper.framework; name = UIKit.framework; path = System/Library/Frameworks/UIKit.framework; sourceTree = SDKROOT; };
		67236D0A16409B7700DD13C5 /* Foundation.framework */ = {isa = PBXFileReference; lastKnownFileType = wrapper.framework; name = Foundation.framework; path = System/Library/Frameworks/Foundation.framework; sourceTree = SDKROOT; };
		67236D0C16409B7700DD13C5 /* CoreGraphics.framework */ = {isa = PBXFileReference; lastKnownFileType = wrapper.framework; name = CoreGraphics.framework; path = System/Library/Frameworks/CoreGraphics.framework; sourceTree = SDKROOT; };
		67236D1016409B7700DD13C5 /* RunnersCompass-Info.plist */ = {isa = PBXFileReference; lastKnownFileType = text.plist.xml; path = "RunnersCompass-Info.plist"; sourceTree = "<group>"; };
		67236D1216409B7700DD13C5 /* en */ = {isa = PBXFileReference; lastKnownFileType = text.plist.strings; name = en; path = en.lproj/InfoPlist.strings; sourceTree = "<group>"; };
		67236D1416409B7700DD13C5 /* main.m */ = {isa = PBXFileReference; lastKnownFileType = sourcecode.c.objc; path = main.m; sourceTree = "<group>"; };
		67236D1616409B7700DD13C5 /* RunnersCompass-Prefix.pch */ = {isa = PBXFileReference; lastKnownFileType = sourcecode.c.h; path = "RunnersCompass-Prefix.pch"; sourceTree = "<group>"; };
		67236D1716409B7700DD13C5 /* AppDelegate.h */ = {isa = PBXFileReference; lastKnownFileType = sourcecode.c.h; path = AppDelegate.h; sourceTree = "<group>"; };
		67236D1816409B7700DD13C5 /* AppDelegate.m */ = {isa = PBXFileReference; lastKnownFileType = sourcecode.c.objc; path = AppDelegate.m; sourceTree = "<group>"; };
		67236D2316409B7700DD13C5 /* Menu.h */ = {isa = PBXFileReference; lastKnownFileType = sourcecode.c.h; path = Menu.h; sourceTree = "<group>"; };
		67236D2416409B7700DD13C5 /* Menu.m */ = {isa = PBXFileReference; lastKnownFileType = sourcecode.c.objc; path = Menu.m; sourceTree = "<group>"; };
		67236D2A16409B7700DD13C5 /* Logger.h */ = {isa = PBXFileReference; lastKnownFileType = sourcecode.c.h; path = Logger.h; sourceTree = "<group>"; };
		67236D2B16409B7700DD13C5 /* Logger.m */ = {isa = PBXFileReference; lastKnownFileType = sourcecode.c.objc; path = Logger.m; sourceTree = "<group>"; };
		672AA38F16B4C87E00B7DEE6 /* StartCell.h */ = {isa = PBXFileReference; fileEncoding = 4; lastKnownFileType = sourcecode.c.h; path = StartCell.h; sourceTree = "<group>"; };
		672AA39016B4C87E00B7DEE6 /* StartCell.m */ = {isa = PBXFileReference; fileEncoding = 4; lastKnownFileType = sourcecode.c.objc; path = StartCell.m; sourceTree = "<group>"; };
		672AA39116B4C87E00B7DEE6 /* StartCell.xib */ = {isa = PBXFileReference; fileEncoding = 4; lastKnownFileType = file.xib; path = StartCell.xib; sourceTree = "<group>"; };
		672AA39516B4C9BA00B7DEE6 /* addbutton.png */ = {isa = PBXFileReference; lastKnownFileType = image.png; path = addbutton.png; sourceTree = "<group>"; };
		672AA39B16B4F70300B7DEE6 /* FlatToolbar.h */ = {isa = PBXFileReference; fileEncoding = 4; lastKnownFileType = sourcecode.c.h; path = FlatToolbar.h; sourceTree = "<group>"; };
		672AA39C16B4F70300B7DEE6 /* FlatToolbar.m */ = {isa = PBXFileReference; fileEncoding = 4; lastKnownFileType = sourcecode.c.objc; path = FlatToolbar.m; sourceTree = "<group>"; };
		672AA3B216B5990700B7DEE6 /* Settings.h */ = {isa = PBXFileReference; fileEncoding = 4; lastKnownFileType = sourcecode.c.h; path = Settings.h; sourceTree = "<group>"; };
		672AA3B316B5990700B7DEE6 /* Settings.m */ = {isa = PBXFileReference; fileEncoding = 4; lastKnownFileType = sourcecode.c.objc; path = Settings.m; sourceTree = "<group>"; };
		672AA3C516B5A6D300B7DEE6 /* PerformanceViewController.h */ = {isa = PBXFileReference; fileEncoding = 4; lastKnownFileType = sourcecode.c.h; path = PerformanceViewController.h; sourceTree = "<group>"; };
		672AA3C616B5A6D300B7DEE6 /* PerformanceViewController.m */ = {isa = PBXFileReference; fileEncoding = 4; lastKnownFileType = sourcecode.c.objc; path = PerformanceViewController.m; sourceTree = "<group>"; };
		672AA43716B5AE6600B7DEE6 /* QuartzCore.framework */ = {isa = PBXFileReference; lastKnownFileType = wrapper.framework; name = QuartzCore.framework; path = System/Library/Frameworks/QuartzCore.framework; sourceTree = SDKROOT; };
		672AA45316B5B25A00B7DEE6 /* CorePlot-CocoaTouch.h */ = {isa = PBXFileReference; fileEncoding = 4; lastKnownFileType = sourcecode.c.h; path = "CorePlot-CocoaTouch.h"; sourceTree = "<group>"; };
		672AA45416B5B25A00B7DEE6 /* CPTAnnotation.h */ = {isa = PBXFileReference; fileEncoding = 4; lastKnownFileType = sourcecode.c.h; path = CPTAnnotation.h; sourceTree = "<group>"; };
		672AA45516B5B25A00B7DEE6 /* CPTAnnotationHostLayer.h */ = {isa = PBXFileReference; fileEncoding = 4; lastKnownFileType = sourcecode.c.h; path = CPTAnnotationHostLayer.h; sourceTree = "<group>"; };
		672AA45616B5B25A00B7DEE6 /* CPTAxis.h */ = {isa = PBXFileReference; fileEncoding = 4; lastKnownFileType = sourcecode.c.h; path = CPTAxis.h; sourceTree = "<group>"; };
		672AA45716B5B25A00B7DEE6 /* CPTAxisLabel.h */ = {isa = PBXFileReference; fileEncoding = 4; lastKnownFileType = sourcecode.c.h; path = CPTAxisLabel.h; sourceTree = "<group>"; };
		672AA45816B5B25A00B7DEE6 /* CPTAxisLabelGroup.h */ = {isa = PBXFileReference; fileEncoding = 4; lastKnownFileType = sourcecode.c.h; path = CPTAxisLabelGroup.h; sourceTree = "<group>"; };
		672AA45916B5B25A00B7DEE6 /* CPTAxisSet.h */ = {isa = PBXFileReference; fileEncoding = 4; lastKnownFileType = sourcecode.c.h; path = CPTAxisSet.h; sourceTree = "<group>"; };
		672AA45A16B5B25A00B7DEE6 /* CPTAxisTitle.h */ = {isa = PBXFileReference; fileEncoding = 4; lastKnownFileType = sourcecode.c.h; path = CPTAxisTitle.h; sourceTree = "<group>"; };
		672AA45B16B5B25A00B7DEE6 /* CPTBarPlot.h */ = {isa = PBXFileReference; fileEncoding = 4; lastKnownFileType = sourcecode.c.h; path = CPTBarPlot.h; sourceTree = "<group>"; };
		672AA45C16B5B25A00B7DEE6 /* CPTBorderedLayer.h */ = {isa = PBXFileReference; fileEncoding = 4; lastKnownFileType = sourcecode.c.h; path = CPTBorderedLayer.h; sourceTree = "<group>"; };
		672AA45D16B5B25A00B7DEE6 /* CPTCalendarFormatter.h */ = {isa = PBXFileReference; fileEncoding = 4; lastKnownFileType = sourcecode.c.h; path = CPTCalendarFormatter.h; sourceTree = "<group>"; };
		672AA45E16B5B25A00B7DEE6 /* CPTColor.h */ = {isa = PBXFileReference; fileEncoding = 4; lastKnownFileType = sourcecode.c.h; path = CPTColor.h; sourceTree = "<group>"; };
		672AA45F16B5B25A00B7DEE6 /* CPTColorSpace.h */ = {isa = PBXFileReference; fileEncoding = 4; lastKnownFileType = sourcecode.c.h; path = CPTColorSpace.h; sourceTree = "<group>"; };
		672AA46016B5B25A00B7DEE6 /* CPTConstraints.h */ = {isa = PBXFileReference; fileEncoding = 4; lastKnownFileType = sourcecode.c.h; path = CPTConstraints.h; sourceTree = "<group>"; };
		672AA46116B5B25A00B7DEE6 /* CPTDataSourceTestCase.h */ = {isa = PBXFileReference; fileEncoding = 4; lastKnownFileType = sourcecode.c.h; path = CPTDataSourceTestCase.h; sourceTree = "<group>"; };
		672AA46216B5B25A00B7DEE6 /* CPTDefinitions.h */ = {isa = PBXFileReference; fileEncoding = 4; lastKnownFileType = sourcecode.c.h; path = CPTDefinitions.h; sourceTree = "<group>"; };
		672AA46316B5B25A00B7DEE6 /* CPTDerivedXYGraph.h */ = {isa = PBXFileReference; fileEncoding = 4; lastKnownFileType = sourcecode.c.h; path = CPTDerivedXYGraph.h; sourceTree = "<group>"; };
		672AA46416B5B25A00B7DEE6 /* CPTExceptions.h */ = {isa = PBXFileReference; fileEncoding = 4; lastKnownFileType = sourcecode.c.h; path = CPTExceptions.h; sourceTree = "<group>"; };
		672AA46516B5B25A00B7DEE6 /* CPTFill.h */ = {isa = PBXFileReference; fileEncoding = 4; lastKnownFileType = sourcecode.c.h; path = CPTFill.h; sourceTree = "<group>"; };
		672AA46616B5B25A00B7DEE6 /* CPTGradient.h */ = {isa = PBXFileReference; fileEncoding = 4; lastKnownFileType = sourcecode.c.h; path = CPTGradient.h; sourceTree = "<group>"; };
		672AA46716B5B25A00B7DEE6 /* CPTGraph.h */ = {isa = PBXFileReference; fileEncoding = 4; lastKnownFileType = sourcecode.c.h; path = CPTGraph.h; sourceTree = "<group>"; };
		672AA46816B5B25A00B7DEE6 /* CPTGraphHostingView.h */ = {isa = PBXFileReference; fileEncoding = 4; lastKnownFileType = sourcecode.c.h; path = CPTGraphHostingView.h; sourceTree = "<group>"; };
		672AA46916B5B25A00B7DEE6 /* CPTGridLineGroup.h */ = {isa = PBXFileReference; fileEncoding = 4; lastKnownFileType = sourcecode.c.h; path = CPTGridLineGroup.h; sourceTree = "<group>"; };
		672AA46A16B5B25A00B7DEE6 /* CPTGridLines.h */ = {isa = PBXFileReference; fileEncoding = 4; lastKnownFileType = sourcecode.c.h; path = CPTGridLines.h; sourceTree = "<group>"; };
		672AA46B16B5B25A00B7DEE6 /* CPTImage.h */ = {isa = PBXFileReference; fileEncoding = 4; lastKnownFileType = sourcecode.c.h; path = CPTImage.h; sourceTree = "<group>"; };
		672AA46C16B5B25A00B7DEE6 /* CPTLayer.h */ = {isa = PBXFileReference; fileEncoding = 4; lastKnownFileType = sourcecode.c.h; path = CPTLayer.h; sourceTree = "<group>"; };
		672AA46D16B5B25A00B7DEE6 /* CPTLayerAnnotation.h */ = {isa = PBXFileReference; fileEncoding = 4; lastKnownFileType = sourcecode.c.h; path = CPTLayerAnnotation.h; sourceTree = "<group>"; };
		672AA46E16B5B25A00B7DEE6 /* CPTLegend.h */ = {isa = PBXFileReference; fileEncoding = 4; lastKnownFileType = sourcecode.c.h; path = CPTLegend.h; sourceTree = "<group>"; };
		672AA46F16B5B25A00B7DEE6 /* CPTLegendEntry.h */ = {isa = PBXFileReference; fileEncoding = 4; lastKnownFileType = sourcecode.c.h; path = CPTLegendEntry.h; sourceTree = "<group>"; };
		672AA47016B5B25A00B7DEE6 /* CPTLimitBand.h */ = {isa = PBXFileReference; fileEncoding = 4; lastKnownFileType = sourcecode.c.h; path = CPTLimitBand.h; sourceTree = "<group>"; };
		672AA47116B5B25A00B7DEE6 /* CPTLineCap.h */ = {isa = PBXFileReference; fileEncoding = 4; lastKnownFileType = sourcecode.c.h; path = CPTLineCap.h; sourceTree = "<group>"; };
		672AA47216B5B25A00B7DEE6 /* CPTLineStyle.h */ = {isa = PBXFileReference; fileEncoding = 4; lastKnownFileType = sourcecode.c.h; path = CPTLineStyle.h; sourceTree = "<group>"; };
		672AA47316B5B25A00B7DEE6 /* CPTMutableLineStyle.h */ = {isa = PBXFileReference; fileEncoding = 4; lastKnownFileType = sourcecode.c.h; path = CPTMutableLineStyle.h; sourceTree = "<group>"; };
		672AA47416B5B25A00B7DEE6 /* CPTMutableNumericData+TypeConversion.h */ = {isa = PBXFileReference; fileEncoding = 4; lastKnownFileType = sourcecode.c.h; path = "CPTMutableNumericData+TypeConversion.h"; sourceTree = "<group>"; };
		672AA47516B5B25A00B7DEE6 /* CPTMutableNumericData.h */ = {isa = PBXFileReference; fileEncoding = 4; lastKnownFileType = sourcecode.c.h; path = CPTMutableNumericData.h; sourceTree = "<group>"; };
		672AA47616B5B25A00B7DEE6 /* CPTMutablePlotRange.h */ = {isa = PBXFileReference; fileEncoding = 4; lastKnownFileType = sourcecode.c.h; path = CPTMutablePlotRange.h; sourceTree = "<group>"; };
		672AA47716B5B25A00B7DEE6 /* CPTMutableShadow.h */ = {isa = PBXFileReference; fileEncoding = 4; lastKnownFileType = sourcecode.c.h; path = CPTMutableShadow.h; sourceTree = "<group>"; };
		672AA47816B5B25A00B7DEE6 /* CPTMutableTextStyle.h */ = {isa = PBXFileReference; fileEncoding = 4; lastKnownFileType = sourcecode.c.h; path = CPTMutableTextStyle.h; sourceTree = "<group>"; };
		672AA47916B5B25A00B7DEE6 /* CPTNumericData+TypeConversion.h */ = {isa = PBXFileReference; fileEncoding = 4; lastKnownFileType = sourcecode.c.h; path = "CPTNumericData+TypeConversion.h"; sourceTree = "<group>"; };
		672AA47A16B5B25A00B7DEE6 /* CPTNumericData.h */ = {isa = PBXFileReference; fileEncoding = 4; lastKnownFileType = sourcecode.c.h; path = CPTNumericData.h; sourceTree = "<group>"; };
		672AA47B16B5B25A00B7DEE6 /* CPTNumericDataType.h */ = {isa = PBXFileReference; fileEncoding = 4; lastKnownFileType = sourcecode.c.h; path = CPTNumericDataType.h; sourceTree = "<group>"; };
		672AA47C16B5B25A00B7DEE6 /* CPTPathExtensions.h */ = {isa = PBXFileReference; fileEncoding = 4; lastKnownFileType = sourcecode.c.h; path = CPTPathExtensions.h; sourceTree = "<group>"; };
		672AA47D16B5B25A00B7DEE6 /* CPTPieChart.h */ = {isa = PBXFileReference; fileEncoding = 4; lastKnownFileType = sourcecode.c.h; path = CPTPieChart.h; sourceTree = "<group>"; };
		672AA47E16B5B25A00B7DEE6 /* CPTPlatformSpecificCategories.h */ = {isa = PBXFileReference; fileEncoding = 4; lastKnownFileType = sourcecode.c.h; path = CPTPlatformSpecificCategories.h; sourceTree = "<group>"; };
		672AA47F16B5B25A00B7DEE6 /* CPTPlatformSpecificDefines.h */ = {isa = PBXFileReference; fileEncoding = 4; lastKnownFileType = sourcecode.c.h; path = CPTPlatformSpecificDefines.h; sourceTree = "<group>"; };
		672AA48016B5B25A00B7DEE6 /* CPTPlatformSpecificFunctions.h */ = {isa = PBXFileReference; fileEncoding = 4; lastKnownFileType = sourcecode.c.h; path = CPTPlatformSpecificFunctions.h; sourceTree = "<group>"; };
		672AA48116B5B25A00B7DEE6 /* CPTPlot.h */ = {isa = PBXFileReference; fileEncoding = 4; lastKnownFileType = sourcecode.c.h; path = CPTPlot.h; sourceTree = "<group>"; };
		672AA48216B5B25A00B7DEE6 /* CPTPlotArea.h */ = {isa = PBXFileReference; fileEncoding = 4; lastKnownFileType = sourcecode.c.h; path = CPTPlotArea.h; sourceTree = "<group>"; };
		672AA48316B5B25A00B7DEE6 /* CPTPlotAreaFrame.h */ = {isa = PBXFileReference; fileEncoding = 4; lastKnownFileType = sourcecode.c.h; path = CPTPlotAreaFrame.h; sourceTree = "<group>"; };
		672AA48416B5B25A00B7DEE6 /* CPTPlotGroup.h */ = {isa = PBXFileReference; fileEncoding = 4; lastKnownFileType = sourcecode.c.h; path = CPTPlotGroup.h; sourceTree = "<group>"; };
		672AA48516B5B25A00B7DEE6 /* CPTPlotRange.h */ = {isa = PBXFileReference; fileEncoding = 4; lastKnownFileType = sourcecode.c.h; path = CPTPlotRange.h; sourceTree = "<group>"; };
		672AA48616B5B25A00B7DEE6 /* CPTPlotSpace.h */ = {isa = PBXFileReference; fileEncoding = 4; lastKnownFileType = sourcecode.c.h; path = CPTPlotSpace.h; sourceTree = "<group>"; };
		672AA48716B5B25A00B7DEE6 /* CPTPlotSpaceAnnotation.h */ = {isa = PBXFileReference; fileEncoding = 4; lastKnownFileType = sourcecode.c.h; path = CPTPlotSpaceAnnotation.h; sourceTree = "<group>"; };
		672AA48816B5B25A00B7DEE6 /* CPTPlotSymbol.h */ = {isa = PBXFileReference; fileEncoding = 4; lastKnownFileType = sourcecode.c.h; path = CPTPlotSymbol.h; sourceTree = "<group>"; };
		672AA48916B5B25A00B7DEE6 /* CPTRangePlot.h */ = {isa = PBXFileReference; fileEncoding = 4; lastKnownFileType = sourcecode.c.h; path = CPTRangePlot.h; sourceTree = "<group>"; };
		672AA48A16B5B25A00B7DEE6 /* CPTResponder.h */ = {isa = PBXFileReference; fileEncoding = 4; lastKnownFileType = sourcecode.c.h; path = CPTResponder.h; sourceTree = "<group>"; };
		672AA48B16B5B25A00B7DEE6 /* CPTScatterPlot.h */ = {isa = PBXFileReference; fileEncoding = 4; lastKnownFileType = sourcecode.c.h; path = CPTScatterPlot.h; sourceTree = "<group>"; };
		672AA48C16B5B25A00B7DEE6 /* CPTShadow.h */ = {isa = PBXFileReference; fileEncoding = 4; lastKnownFileType = sourcecode.c.h; path = CPTShadow.h; sourceTree = "<group>"; };
		672AA48D16B5B25A00B7DEE6 /* CPTTestCase.h */ = {isa = PBXFileReference; fileEncoding = 4; lastKnownFileType = sourcecode.c.h; path = CPTTestCase.h; sourceTree = "<group>"; };
		672AA48E16B5B25A00B7DEE6 /* CPTTextLayer.h */ = {isa = PBXFileReference; fileEncoding = 4; lastKnownFileType = sourcecode.c.h; path = CPTTextLayer.h; sourceTree = "<group>"; };
		672AA48F16B5B25A00B7DEE6 /* CPTTextStyle.h */ = {isa = PBXFileReference; fileEncoding = 4; lastKnownFileType = sourcecode.c.h; path = CPTTextStyle.h; sourceTree = "<group>"; };
		672AA49016B5B25A00B7DEE6 /* CPTTextStylePlatformSpecific.h */ = {isa = PBXFileReference; fileEncoding = 4; lastKnownFileType = sourcecode.c.h; path = CPTTextStylePlatformSpecific.h; sourceTree = "<group>"; };
		672AA49116B5B25A00B7DEE6 /* CPTTheme.h */ = {isa = PBXFileReference; fileEncoding = 4; lastKnownFileType = sourcecode.c.h; path = CPTTheme.h; sourceTree = "<group>"; };
		672AA49216B5B25A00B7DEE6 /* CPTTimeFormatter.h */ = {isa = PBXFileReference; fileEncoding = 4; lastKnownFileType = sourcecode.c.h; path = CPTTimeFormatter.h; sourceTree = "<group>"; };
		672AA49316B5B25A00B7DEE6 /* CPTTradingRangePlot.h */ = {isa = PBXFileReference; fileEncoding = 4; lastKnownFileType = sourcecode.c.h; path = CPTTradingRangePlot.h; sourceTree = "<group>"; };
		672AA49416B5B25A00B7DEE6 /* CPTUtilities.h */ = {isa = PBXFileReference; fileEncoding = 4; lastKnownFileType = sourcecode.c.h; path = CPTUtilities.h; sourceTree = "<group>"; };
		672AA49516B5B25A00B7DEE6 /* CPTXYAxis.h */ = {isa = PBXFileReference; fileEncoding = 4; lastKnownFileType = sourcecode.c.h; path = CPTXYAxis.h; sourceTree = "<group>"; };
		672AA49616B5B25A00B7DEE6 /* CPTXYAxisSet.h */ = {isa = PBXFileReference; fileEncoding = 4; lastKnownFileType = sourcecode.c.h; path = CPTXYAxisSet.h; sourceTree = "<group>"; };
		672AA49716B5B25A00B7DEE6 /* CPTXYGraph.h */ = {isa = PBXFileReference; fileEncoding = 4; lastKnownFileType = sourcecode.c.h; path = CPTXYGraph.h; sourceTree = "<group>"; };
		672AA49816B5B25A00B7DEE6 /* CPTXYPlotSpace.h */ = {isa = PBXFileReference; fileEncoding = 4; lastKnownFileType = sourcecode.c.h; path = CPTXYPlotSpace.h; sourceTree = "<group>"; };
		672AA49916B5B25A00B7DEE6 /* mainpage.h */ = {isa = PBXFileReference; fileEncoding = 4; lastKnownFileType = sourcecode.c.h; path = mainpage.h; sourceTree = "<group>"; };
		672AA49A16B5B25A00B7DEE6 /* NSCoderExtensions.h */ = {isa = PBXFileReference; fileEncoding = 4; lastKnownFileType = sourcecode.c.h; path = NSCoderExtensions.h; sourceTree = "<group>"; };
		672AA49B16B5B25A00B7DEE6 /* NSDecimalNumberExtensions.h */ = {isa = PBXFileReference; fileEncoding = 4; lastKnownFileType = sourcecode.c.h; path = NSDecimalNumberExtensions.h; sourceTree = "<group>"; };
		672AA49C16B5B25A00B7DEE6 /* NSNumberExtensions.h */ = {isa = PBXFileReference; fileEncoding = 4; lastKnownFileType = sourcecode.c.h; path = NSNumberExtensions.h; sourceTree = "<group>"; };
		672AA49D16B5B25A00B7DEE6 /* libCorePlot-CocoaTouch.a */ = {isa = PBXFileReference; lastKnownFileType = archive.ar; name = "libCorePlot-CocoaTouch.a"; path = "../../Downloads/CorePlot_1.1/Binaries/iOS/libCorePlot-CocoaTouch.a"; sourceTree = "<group>"; };
		672AA4EA16B5BAAF00B7DEE6 /* ChartView.xib */ = {isa = PBXFileReference; fileEncoding = 4; lastKnownFileType = file.xib; name = ChartView.xib; path = "../../../Downloads/CorePlot_1.1/Source/examples/CPTTestApp-iPhone/ChartView.xib"; sourceTree = "<group>"; };
		672AA4F016B602A300B7DEE6 /* ChartViewController.h */ = {isa = PBXFileReference; fileEncoding = 4; lastKnownFileType = sourcecode.c.h; path = ChartViewController.h; sourceTree = "<group>"; };
		672AA4F116B602A400B7DEE6 /* ChartViewController.m */ = {isa = PBXFileReference; fileEncoding = 4; lastKnownFileType = sourcecode.c.objc; path = ChartViewController.m; sourceTree = "<group>"; };
		672AA4F316B6128700B7DEE6 /* StartViewController.h */ = {isa = PBXFileReference; fileEncoding = 4; lastKnownFileType = sourcecode.c.h; path = StartViewController.h; sourceTree = "<group>"; };
		672AA4F416B6128700B7DEE6 /* StartViewController.m */ = {isa = PBXFileReference; fileEncoding = 4; lastKnownFileType = sourcecode.c.objc; path = StartViewController.m; sourceTree = "<group>"; };
		672AA4F716B6150B00B7DEE6 /* GoalsViewController.h */ = {isa = PBXFileReference; fileEncoding = 4; lastKnownFileType = sourcecode.c.h; path = GoalsViewController.h; sourceTree = "<group>"; };
		672AA4F816B6150B00B7DEE6 /* GoalsViewController.m */ = {isa = PBXFileReference; fileEncoding = 4; lastKnownFileType = sourcecode.c.objc; path = GoalsViewController.m; sourceTree = "<group>"; };
		672AA50716B73DAE00B7DEE6 /* frontViewControllerDropShadow.png */ = {isa = PBXFileReference; lastKnownFileType = image.png; path = frontViewControllerDropShadow.png; sourceTree = "<group>"; };
		672AA50816B73DAE00B7DEE6 /* frontViewControllerDropShadow@2x.png */ = {isa = PBXFileReference; lastKnownFileType = image.png; path = "frontViewControllerDropShadow@2x.png"; sourceTree = "<group>"; };
		672AA50916B73DAE00B7DEE6 /* JSSlidingViewController.h */ = {isa = PBXFileReference; fileEncoding = 4; lastKnownFileType = sourcecode.c.h; path = JSSlidingViewController.h; sourceTree = "<group>"; };
		672AA50A16B73DAE00B7DEE6 /* JSSlidingViewController.m */ = {isa = PBXFileReference; fileEncoding = 4; lastKnownFileType = sourcecode.c.objc; path = JSSlidingViewController.m; sourceTree = "<group>"; };
		672AA50E16B7437100B7DEE6 /* Logger.xib */ = {isa = PBXFileReference; fileEncoding = 4; lastKnownFileType = file.xib; path = Logger.xib; sourceTree = "<group>"; };
		6738D66916ACE7DE0044BA00 /* map.JPG */ = {isa = PBXFileReference; lastKnownFileType = image.jpeg; path = map.JPG; sourceTree = "<group>"; };
		6745C7ED16ACDBB9005F4F1B /* hud.png */ = {isa = PBXFileReference; lastKnownFileType = image.png; name = hud.png; path = Mockups/hud.png; sourceTree = SOURCE_ROOT; };
		6745C7F016ACDD40005F4F1B /* HUDCell.xib */ = {isa = PBXFileReference; fileEncoding = 4; lastKnownFileType = file.xib; path = HUDCell.xib; sourceTree = "<group>"; };
		6745C7F216ACE09E005F4F1B /* HUDCell.h */ = {isa = PBXFileReference; fileEncoding = 4; lastKnownFileType = sourcecode.c.h; path = HUDCell.h; sourceTree = "<group>"; };
		6745C7F316ACE09E005F4F1B /* HUDCell.m */ = {isa = PBXFileReference; fileEncoding = 4; lastKnownFileType = sourcecode.c.objc; path = HUDCell.m; sourceTree = "<group>"; };
		6745C7F516ACE259005F4F1B /* HUDView.h */ = {isa = PBXFileReference; fileEncoding = 4; lastKnownFileType = sourcecode.c.h; path = HUDView.h; sourceTree = "<group>"; };
		6745C7F616ACE259005F4F1B /* HUDView.m */ = {isa = PBXFileReference; fileEncoding = 4; lastKnownFileType = sourcecode.c.objc; path = HUDView.m; sourceTree = "<group>"; };
		6745C7F816ACE54D005F4F1B /* RightArrow.png */ = {isa = PBXFileReference; lastKnownFileType = image.png; name = RightArrow.png; path = ../../../Downloads/RightArrow.png; sourceTree = "<group>"; };
		6748646E16B237C2004D2B47 /* switch.png */ = {isa = PBXFileReference; lastKnownFileType = image.png; path = switch.png; sourceTree = "<group>"; };
		6748647116B23890004D2B47 /* settings.png */ = {isa = PBXFileReference; lastKnownFileType = image.png; path = settings.png; sourceTree = "<group>"; };
		67FC068816A1150C00491C97 /* HierarchicalCell.h */ = {isa = PBXFileReference; fileEncoding = 4; lastKnownFileType = sourcecode.c.h; path = HierarchicalCell.h; sourceTree = "<group>"; };
		67FC068916A1150C00491C97 /* HierarchicalCell.m */ = {isa = PBXFileReference; fileEncoding = 4; lastKnownFileType = sourcecode.c.objc; path = HierarchicalCell.m; sourceTree = "<group>"; };
		67FC068B16A117B800491C97 /* Constants.h */ = {isa = PBXFileReference; fileEncoding = 4; lastKnownFileType = sourcecode.c.h; path = Constants.h; sourceTree = "<group>"; };
		67FC068C16A117B800491C97 /* Constants.m */ = {isa = PBXFileReference; fileEncoding = 4; lastKnownFileType = sourcecode.c.objc; path = Constants.m; sourceTree = "<group>"; };
		67FC06B016A11F5E00491C97 /* pause_logo_large.png */ = {isa = PBXFileReference; lastKnownFileType = image.png; name = pause_logo_large.png; path = Mockups/pause_logo_large.png; sourceTree = SOURCE_ROOT; };
		67FC06B216A11FC700491C97 /* hamburger.png */ = {isa = PBXFileReference; lastKnownFileType = image.png; name = hamburger.png; path = ../../../Downloads/hamburger.png; sourceTree = "<group>"; };
		67FC06B416A1205300491C97 /* CellBarsIcon.png */ = {isa = PBXFileReference; lastKnownFileType = image.png; name = CellBarsIcon.png; path = ../../../Downloads/CellBarsIcon.png; sourceTree = "<group>"; };
		67FC06B616A1247D00491C97 /* mapicon.png */ = {isa = PBXFileReference; lastKnownFileType = image.png; name = mapicon.png; path = Mockups/mapicon.png; sourceTree = SOURCE_ROOT; };
		67FC06B816A1250500491C97 /* PaceChart.h */ = {isa = PBXFileReference; fileEncoding = 4; lastKnownFileType = sourcecode.c.h; path = PaceChart.h; sourceTree = "<group>"; };
		67FC06B916A1250500491C97 /* PaceChart.m */ = {isa = PBXFileReference; fileEncoding = 4; lastKnownFileType = sourcecode.c.objc; path = PaceChart.m; sourceTree = "<group>"; };
		67FC06BF16A1D14000491C97 /* DataController.h */ = {isa = PBXFileReference; fileEncoding = 4; lastKnownFileType = sourcecode.c.h; path = DataController.h; sourceTree = "<group>"; };
		67FC06C016A1D14000491C97 /* DataController.m */ = {isa = PBXFileReference; fileEncoding = 4; lastKnownFileType = sourcecode.c.objc; path = DataController.m; sourceTree = "<group>"; };
		67FC06C216A1D15900491C97 /* RunEvent.h */ = {isa = PBXFileReference; fileEncoding = 4; lastKnownFileType = sourcecode.c.h; path = RunEvent.h; sourceTree = "<group>"; };
		67FC06C316A1D15900491C97 /* RunEvent.m */ = {isa = PBXFileReference; fileEncoding = 4; lastKnownFileType = sourcecode.c.objc; path = RunEvent.m; sourceTree = "<group>"; };
		67FC06C516A1D4AE00491C97 /* RunType.h */ = {isa = PBXFileReference; fileEncoding = 4; lastKnownFileType = sourcecode.c.h; path = RunType.h; sourceTree = "<group>"; };
		67FC06C616A1D4AE00491C97 /* RunType.m */ = {isa = PBXFileReference; fileEncoding = 4; lastKnownFileType = sourcecode.c.objc; path = RunType.m; sourceTree = "<group>"; };
		67FC070416ACD4F400491C97 /* HierarchicalCell.xib */ = {isa = PBXFileReference; fileEncoding = 4; lastKnownFileType = file.xib; path = HierarchicalCell.xib; sourceTree = "<group>"; };
		67FC070616ACD62B00491C97 /* RightFillTriangleIcon.png */ = {isa = PBXFileReference; lastKnownFileType = image.png; name = RightFillTriangleIcon.png; path = ../../../Downloads/RightFillTriangleIcon.png; sourceTree = "<group>"; };
		67FC070816ACD63300491C97 /* DownTriangleIcon.png */ = {isa = PBXFileReference; lastKnownFileType = image.png; name = DownTriangleIcon.png; path = ../../../Downloads/DownTriangleIcon.png; sourceTree = "<group>"; };
		67FC070A16ACD74300491C97 /* HUDView.xib */ = {isa = PBXFileReference; fileEncoding = 4; lastKnownFileType = file.xib; path = HUDView.xib; sourceTree = "<group>"; };
/* End PBXFileReference section */

/* Begin PBXFrameworksBuildPhase section */
		67236D0116409B7700DD13C5 /* Frameworks */ = {
			isa = PBXFrameworksBuildPhase;
			buildActionMask = 2147483647;
			files = (
				672AA43816B5AE6700B7DEE6 /* QuartzCore.framework in Frameworks */,
				67236D0916409B7700DD13C5 /* UIKit.framework in Frameworks */,
				67236D0B16409B7700DD13C5 /* Foundation.framework in Frameworks */,
				67236D0D16409B7700DD13C5 /* CoreGraphics.framework in Frameworks */,
				672AA49E16B5B25B00B7DEE6 /* libCorePlot-CocoaTouch.a in Frameworks */,
			);
			runOnlyForDeploymentPostprocessing = 0;
		};
/* End PBXFrameworksBuildPhase section */

/* Begin PBXGroup section */
		67236CF916409B7700DD13C5 = {
			isa = PBXGroup;
			children = (
				672AA50616B73DAB00B7DEE6 /* JSSlidingViewController */,
				672AA45216B5B25900B7DEE6 /* CorePlotHeaders */,
				672AA49D16B5B25A00B7DEE6 /* libCorePlot-CocoaTouch.a */,
				67236D0E16409B7700DD13C5 /* RunnersCompass */,
				67236D0716409B7700DD13C5 /* Frameworks */,
				67236D0516409B7700DD13C5 /* Products */,
			);
			sourceTree = "<group>";
		};
		67236D0516409B7700DD13C5 /* Products */ = {
			isa = PBXGroup;
			children = (
				67236D0416409B7700DD13C5 /* RunnersCompass.app */,
			);
			name = Products;
			sourceTree = "<group>";
		};
		67236D0716409B7700DD13C5 /* Frameworks */ = {
			isa = PBXGroup;
			children = (
				672AA43716B5AE6600B7DEE6 /* QuartzCore.framework */,
				67236D0816409B7700DD13C5 /* UIKit.framework */,
				67236D0A16409B7700DD13C5 /* Foundation.framework */,
				67236D0C16409B7700DD13C5 /* CoreGraphics.framework */,
			);
			name = Frameworks;
			sourceTree = "<group>";
		};
		67236D0E16409B7700DD13C5 /* RunnersCompass */ = {
			isa = PBXGroup;
			children = (
				67236D1716409B7700DD13C5 /* AppDelegate.h */,
				67236D1816409B7700DD13C5 /* AppDelegate.m */,
				67FC068B16A117B800491C97 /* Constants.h */,
				67FC068C16A117B800491C97 /* Constants.m */,
				67FC068316A10F0600491C97 /* Menu */,
				67FC068216A10EE800491C97 /* Logger */,
				672AA3B116B598EA00B7DEE6 /* Settings */,
				672AA3C416B5A6B800B7DEE6 /* Performance */,
				672AA4F616B614F300B7DEE6 /* Goals */,
				67FC068616A111A100491C97 /* CustomUI */,
				67FC068116A10EE000491C97 /* Data */,
				67FC067F16A10EBD00491C97 /* Graphics */,
				67236D0F16409B7700DD13C5 /* Supporting Files */,
			);
			path = RunnersCompass;
			sourceTree = "<group>";
		};
		67236D0F16409B7700DD13C5 /* Supporting Files */ = {
			isa = PBXGroup;
			children = (
				6721F88316AE3D4E00FE84C5 /* Log.m */,
				6721F88416AE3D4E00FE84C5 /* Log.h */,
				67236D1016409B7700DD13C5 /* RunnersCompass-Info.plist */,
				67236D1116409B7700DD13C5 /* InfoPlist.strings */,
				67236D1416409B7700DD13C5 /* main.m */,
				67236D1616409B7700DD13C5 /* RunnersCompass-Prefix.pch */,
			);
			name = "Supporting Files";
			sourceTree = "<group>";
		};
		672AA3B116B598EA00B7DEE6 /* Settings */ = {
			isa = PBXGroup;
			children = (
				672AA3B216B5990700B7DEE6 /* Settings.h */,
				672AA3B316B5990700B7DEE6 /* Settings.m */,
				6703F4E416B75F07006A8F88 /* Settings.xib */,
			);
			name = Settings;
			sourceTree = "<group>";
		};
		672AA3C416B5A6B800B7DEE6 /* Performance */ = {
			isa = PBXGroup;
			children = (
				672AA3C516B5A6D300B7DEE6 /* PerformanceViewController.h */,
				672AA3C616B5A6D300B7DEE6 /* PerformanceViewController.m */,
				6703F4E716B75F12006A8F88 /* Performance.xib */,
			);
			name = Performance;
			sourceTree = "<group>";
		};
		672AA45216B5B25900B7DEE6 /* CorePlotHeaders */ = {
			isa = PBXGroup;
			children = (
				672AA45316B5B25A00B7DEE6 /* CorePlot-CocoaTouch.h */,
				672AA45416B5B25A00B7DEE6 /* CPTAnnotation.h */,
				672AA45516B5B25A00B7DEE6 /* CPTAnnotationHostLayer.h */,
				672AA45616B5B25A00B7DEE6 /* CPTAxis.h */,
				672AA45716B5B25A00B7DEE6 /* CPTAxisLabel.h */,
				672AA45816B5B25A00B7DEE6 /* CPTAxisLabelGroup.h */,
				672AA45916B5B25A00B7DEE6 /* CPTAxisSet.h */,
				672AA45A16B5B25A00B7DEE6 /* CPTAxisTitle.h */,
				672AA45B16B5B25A00B7DEE6 /* CPTBarPlot.h */,
				672AA45C16B5B25A00B7DEE6 /* CPTBorderedLayer.h */,
				672AA45D16B5B25A00B7DEE6 /* CPTCalendarFormatter.h */,
				672AA45E16B5B25A00B7DEE6 /* CPTColor.h */,
				672AA45F16B5B25A00B7DEE6 /* CPTColorSpace.h */,
				672AA46016B5B25A00B7DEE6 /* CPTConstraints.h */,
				672AA46116B5B25A00B7DEE6 /* CPTDataSourceTestCase.h */,
				672AA46216B5B25A00B7DEE6 /* CPTDefinitions.h */,
				672AA46316B5B25A00B7DEE6 /* CPTDerivedXYGraph.h */,
				672AA46416B5B25A00B7DEE6 /* CPTExceptions.h */,
				672AA46516B5B25A00B7DEE6 /* CPTFill.h */,
				672AA46616B5B25A00B7DEE6 /* CPTGradient.h */,
				672AA46716B5B25A00B7DEE6 /* CPTGraph.h */,
				672AA46816B5B25A00B7DEE6 /* CPTGraphHostingView.h */,
				672AA46916B5B25A00B7DEE6 /* CPTGridLineGroup.h */,
				672AA46A16B5B25A00B7DEE6 /* CPTGridLines.h */,
				672AA46B16B5B25A00B7DEE6 /* CPTImage.h */,
				672AA46C16B5B25A00B7DEE6 /* CPTLayer.h */,
				672AA46D16B5B25A00B7DEE6 /* CPTLayerAnnotation.h */,
				672AA46E16B5B25A00B7DEE6 /* CPTLegend.h */,
				672AA46F16B5B25A00B7DEE6 /* CPTLegendEntry.h */,
				672AA47016B5B25A00B7DEE6 /* CPTLimitBand.h */,
				672AA47116B5B25A00B7DEE6 /* CPTLineCap.h */,
				672AA47216B5B25A00B7DEE6 /* CPTLineStyle.h */,
				672AA47316B5B25A00B7DEE6 /* CPTMutableLineStyle.h */,
				672AA47416B5B25A00B7DEE6 /* CPTMutableNumericData+TypeConversion.h */,
				672AA47516B5B25A00B7DEE6 /* CPTMutableNumericData.h */,
				672AA47616B5B25A00B7DEE6 /* CPTMutablePlotRange.h */,
				672AA47716B5B25A00B7DEE6 /* CPTMutableShadow.h */,
				672AA47816B5B25A00B7DEE6 /* CPTMutableTextStyle.h */,
				672AA47916B5B25A00B7DEE6 /* CPTNumericData+TypeConversion.h */,
				672AA47A16B5B25A00B7DEE6 /* CPTNumericData.h */,
				672AA47B16B5B25A00B7DEE6 /* CPTNumericDataType.h */,
				672AA47C16B5B25A00B7DEE6 /* CPTPathExtensions.h */,
				672AA47D16B5B25A00B7DEE6 /* CPTPieChart.h */,
				672AA47E16B5B25A00B7DEE6 /* CPTPlatformSpecificCategories.h */,
				672AA47F16B5B25A00B7DEE6 /* CPTPlatformSpecificDefines.h */,
				672AA48016B5B25A00B7DEE6 /* CPTPlatformSpecificFunctions.h */,
				672AA48116B5B25A00B7DEE6 /* CPTPlot.h */,
				672AA48216B5B25A00B7DEE6 /* CPTPlotArea.h */,
				672AA48316B5B25A00B7DEE6 /* CPTPlotAreaFrame.h */,
				672AA48416B5B25A00B7DEE6 /* CPTPlotGroup.h */,
				672AA48516B5B25A00B7DEE6 /* CPTPlotRange.h */,
				672AA48616B5B25A00B7DEE6 /* CPTPlotSpace.h */,
				672AA48716B5B25A00B7DEE6 /* CPTPlotSpaceAnnotation.h */,
				672AA48816B5B25A00B7DEE6 /* CPTPlotSymbol.h */,
				672AA48916B5B25A00B7DEE6 /* CPTRangePlot.h */,
				672AA48A16B5B25A00B7DEE6 /* CPTResponder.h */,
				672AA48B16B5B25A00B7DEE6 /* CPTScatterPlot.h */,
				672AA48C16B5B25A00B7DEE6 /* CPTShadow.h */,
				672AA48D16B5B25A00B7DEE6 /* CPTTestCase.h */,
				672AA48E16B5B25A00B7DEE6 /* CPTTextLayer.h */,
				672AA48F16B5B25A00B7DEE6 /* CPTTextStyle.h */,
				672AA49016B5B25A00B7DEE6 /* CPTTextStylePlatformSpecific.h */,
				672AA49116B5B25A00B7DEE6 /* CPTTheme.h */,
				672AA49216B5B25A00B7DEE6 /* CPTTimeFormatter.h */,
				672AA49316B5B25A00B7DEE6 /* CPTTradingRangePlot.h */,
				672AA49416B5B25A00B7DEE6 /* CPTUtilities.h */,
				672AA49516B5B25A00B7DEE6 /* CPTXYAxis.h */,
				672AA49616B5B25A00B7DEE6 /* CPTXYAxisSet.h */,
				672AA49716B5B25A00B7DEE6 /* CPTXYGraph.h */,
				672AA49816B5B25A00B7DEE6 /* CPTXYPlotSpace.h */,
				672AA49916B5B25A00B7DEE6 /* mainpage.h */,
				672AA49A16B5B25A00B7DEE6 /* NSCoderExtensions.h */,
				672AA49B16B5B25A00B7DEE6 /* NSDecimalNumberExtensions.h */,
				672AA49C16B5B25A00B7DEE6 /* NSNumberExtensions.h */,
			);
			name = CorePlotHeaders;
			path = ../../Downloads/CorePlot_1.1/Binaries/iOS/CorePlotHeaders;
			sourceTree = "<group>";
		};
		672AA4F616B614F300B7DEE6 /* Goals */ = {
			isa = PBXGroup;
			children = (
				672AA4F716B6150B00B7DEE6 /* GoalsViewController.h */,
				672AA4F816B6150B00B7DEE6 /* GoalsViewController.m */,
				6703F4E916B75F4A006A8F88 /* Goals.xib */,
			);
			name = Goals;
			sourceTree = "<group>";
		};
		672AA50616B73DAB00B7DEE6 /* JSSlidingViewController */ = {
			isa = PBXGroup;
			children = (
				672AA50716B73DAE00B7DEE6 /* frontViewControllerDropShadow.png */,
				672AA50816B73DAE00B7DEE6 /* frontViewControllerDropShadow@2x.png */,
				672AA50916B73DAE00B7DEE6 /* JSSlidingViewController.h */,
				672AA50A16B73DAE00B7DEE6 /* JSSlidingViewController.m */,
			);
			path = JSSlidingViewController;
			sourceTree = "<group>";
		};
		67FC067F16A10EBD00491C97 /* Graphics */ = {
			isa = PBXGroup;
			children = (
				672AA39516B4C9BA00B7DEE6 /* addbutton.png */,
				6748647116B23890004D2B47 /* settings.png */,
				6748646E16B237C2004D2B47 /* switch.png */,
				6745C7F816ACE54D005F4F1B /* RightArrow.png */,
				67FC070816ACD63300491C97 /* DownTriangleIcon.png */,
				6738D66916ACE7DE0044BA00 /* map.JPG */,
				6745C7ED16ACDBB9005F4F1B /* hud.png */,
				67FC070616ACD62B00491C97 /* RightFillTriangleIcon.png */,
				67FC06B616A1247D00491C97 /* mapicon.png */,
				67FC06B416A1205300491C97 /* CellBarsIcon.png */,
				67FC06B216A11FC700491C97 /* hamburger.png */,
				67FC06B016A11F5E00491C97 /* pause_logo_large.png */,
			);
			name = Graphics;
			sourceTree = "<group>";
		};
		67FC068116A10EE000491C97 /* Data */ = {
			isa = PBXGroup;
			children = (
				67FC06BF16A1D14000491C97 /* DataController.h */,
				67FC06C016A1D14000491C97 /* DataController.m */,
				67FC06C216A1D15900491C97 /* RunEvent.h */,
				67FC06C316A1D15900491C97 /* RunEvent.m */,
				67FC06C516A1D4AE00491C97 /* RunType.h */,
				67FC06C616A1D4AE00491C97 /* RunType.m */,
				6721F87F16AE39AB00FE84C5 /* RunMap.h */,
				6721F88016AE39AB00FE84C5 /* RunMap.m */,
			);
			name = Data;
			sourceTree = "<group>";
		};
		67FC068216A10EE800491C97 /* Logger */ = {
			isa = PBXGroup;
			children = (
				67236D2A16409B7700DD13C5 /* Logger.h */,
				67236D2B16409B7700DD13C5 /* Logger.m */,
				672AA50E16B7437100B7DEE6 /* Logger.xib */,
				672AA4F316B6128700B7DEE6 /* StartViewController.h */,
				672AA4F416B6128700B7DEE6 /* StartViewController.m */,
				6703F4EB16B75F57006A8F88 /* Start.xib */,
			);
			name = Logger;
			sourceTree = "<group>";
		};
		67FC068316A10F0600491C97 /* Menu */ = {
			isa = PBXGroup;
			children = (
				67236D2316409B7700DD13C5 /* Menu.h */,
				67236D2416409B7700DD13C5 /* Menu.m */,
				6703F4ED16B75F63006A8F88 /* Menu.xib */,
			);
			name = Menu;
			sourceTree = "<group>";
		};
		67FC068616A111A100491C97 /* CustomUI */ = {
			isa = PBXGroup;
			children = (
				672AA38F16B4C87E00B7DEE6 /* StartCell.h */,
				672AA39016B4C87E00B7DEE6 /* StartCell.m */,
				672AA39116B4C87E00B7DEE6 /* StartCell.xib */,
				67FC070A16ACD74300491C97 /* HUDView.xib */,
				6745C7F516ACE259005F4F1B /* HUDView.h */,
				6745C7F616ACE259005F4F1B /* HUDView.m */,
				6745C7F016ACDD40005F4F1B /* HUDCell.xib */,
				6745C7F216ACE09E005F4F1B /* HUDCell.h */,
				6745C7F316ACE09E005F4F1B /* HUDCell.m */,
				67FC070416ACD4F400491C97 /* HierarchicalCell.xib */,
				67FC068816A1150C00491C97 /* HierarchicalCell.h */,
				67FC068916A1150C00491C97 /* HierarchicalCell.m */,
				67FC06B816A1250500491C97 /* PaceChart.h */,
				67FC06B916A1250500491C97 /* PaceChart.m */,
				672AA39B16B4F70300B7DEE6 /* FlatToolbar.h */,
				672AA39C16B4F70300B7DEE6 /* FlatToolbar.m */,
				672AA4EA16B5BAAF00B7DEE6 /* ChartView.xib */,
				672AA4F016B602A300B7DEE6 /* ChartViewController.h */,
				672AA4F116B602A400B7DEE6 /* ChartViewController.m */,
			);
			name = CustomUI;
			sourceTree = "<group>";
		};
/* End PBXGroup section */

/* Begin PBXNativeTarget section */
		67236D0316409B7700DD13C5 /* RunnersCompass */ = {
			isa = PBXNativeTarget;
			buildConfigurationList = 67236D3316409B7700DD13C5 /* Build configuration list for PBXNativeTarget "RunnersCompass" */;
			buildPhases = (
				67236D0016409B7700DD13C5 /* Sources */,
				67236D0116409B7700DD13C5 /* Frameworks */,
				67236D0216409B7700DD13C5 /* Resources */,
			);
			buildRules = (
			);
			dependencies = (
			);
			name = RunnersCompass;
			productName = RunnersCompass;
			productReference = 67236D0416409B7700DD13C5 /* RunnersCompass.app */;
			productType = "com.apple.product-type.application";
		};
/* End PBXNativeTarget section */

/* Begin PBXProject section */
		67236CFB16409B7700DD13C5 /* Project object */ = {
			isa = PBXProject;
			attributes = {
				CLASSPREFIX = Compass;
				LastUpgradeCheck = 0450;
				ORGANIZATIONNAME = "Geoff MacDonald";
			};
			buildConfigurationList = 67236CFE16409B7700DD13C5 /* Build configuration list for PBXProject "RunnersCompass" */;
			compatibilityVersion = "Xcode 3.2";
			developmentRegion = English;
			hasScannedForEncodings = 0;
			knownRegions = (
				en,
			);
			mainGroup = 67236CF916409B7700DD13C5;
			productRefGroup = 67236D0516409B7700DD13C5 /* Products */;
			projectDirPath = "";
			projectRoot = "";
			targets = (
				67236D0316409B7700DD13C5 /* RunnersCompass */,
			);
		};
/* End PBXProject section */

/* Begin PBXResourcesBuildPhase section */
		67236D0216409B7700DD13C5 /* Resources */ = {
			isa = PBXResourcesBuildPhase;
			buildActionMask = 2147483647;
			files = (
				67236D1316409B7700DD13C5 /* InfoPlist.strings in Resources */,
				67FC06B116A11F5E00491C97 /* pause_logo_large.png in Resources */,
				67FC06B316A11FC700491C97 /* hamburger.png in Resources */,
				67FC06B516A1205300491C97 /* CellBarsIcon.png in Resources */,
				67FC06B716A1247D00491C97 /* mapicon.png in Resources */,
				67FC070516ACD4F400491C97 /* HierarchicalCell.xib in Resources */,
				67FC070716ACD62B00491C97 /* RightFillTriangleIcon.png in Resources */,
				67FC070916ACD63300491C97 /* DownTriangleIcon.png in Resources */,
				67FC070B16ACD74300491C97 /* HUDView.xib in Resources */,
				6745C7EE16ACDBB9005F4F1B /* hud.png in Resources */,
				6745C7F116ACDD40005F4F1B /* HUDCell.xib in Resources */,
				6745C7F916ACE54D005F4F1B /* RightArrow.png in Resources */,
				6738D66A16ACE7DE0044BA00 /* map.JPG in Resources */,
				6748646F16B237C2004D2B47 /* switch.png in Resources */,
				6748647216B23890004D2B47 /* settings.png in Resources */,
				672AA39316B4C87E00B7DEE6 /* StartCell.xib in Resources */,
				672AA39616B4C9BA00B7DEE6 /* addbutton.png in Resources */,
				672AA4EB16B5BAAF00B7DEE6 /* ChartView.xib in Resources */,
				672AA50B16B73DAE00B7DEE6 /* frontViewControllerDropShadow.png in Resources */,
				672AA50C16B73DAE00B7DEE6 /* frontViewControllerDropShadow@2x.png in Resources */,
				672AA50F16B7437100B7DEE6 /* Logger.xib in Resources */,
				6703F4E516B75F07006A8F88 /* Settings.xib in Resources */,
				6703F4E816B75F12006A8F88 /* Performance.xib in Resources */,
				6703F4EA16B75F4A006A8F88 /* Goals.xib in Resources */,
				6703F4EC16B75F57006A8F88 /* Start.xib in Resources */,
				6703F4EE16B75F64006A8F88 /* Menu.xib in Resources */,
			);
			runOnlyForDeploymentPostprocessing = 0;
		};
/* End PBXResourcesBuildPhase section */

/* Begin PBXSourcesBuildPhase section */
		67236D0016409B7700DD13C5 /* Sources */ = {
			isa = PBXSourcesBuildPhase;
			buildActionMask = 2147483647;
			files = (
				67236D1516409B7700DD13C5 /* main.m in Sources */,
				67236D1916409B7700DD13C5 /* AppDelegate.m in Sources */,
				67236D2516409B7700DD13C5 /* Menu.m in Sources */,
				67236D2C16409B7700DD13C5 /* Logger.m in Sources */,
				67FC068A16A1150C00491C97 /* HierarchicalCell.m in Sources */,
				67FC068D16A117B800491C97 /* Constants.m in Sources */,
				67FC06BA16A1250500491C97 /* PaceChart.m in Sources */,
				67FC06C116A1D14000491C97 /* DataController.m in Sources */,
				67FC06C416A1D15900491C97 /* RunEvent.m in Sources */,
				67FC06C716A1D4AF00491C97 /* RunType.m in Sources */,
				6745C7F416ACE09E005F4F1B /* HUDCell.m in Sources */,
				6745C7F716ACE259005F4F1B /* HUDView.m in Sources */,
				6721F88116AE39AC00FE84C5 /* RunMap.m in Sources */,
				6721F88516AE3D4E00FE84C5 /* Log.m in Sources */,
				672AA39216B4C87E00B7DEE6 /* StartCell.m in Sources */,
				672AA39D16B4F70300B7DEE6 /* FlatToolbar.m in Sources */,
				672AA3B416B5990700B7DEE6 /* Settings.m in Sources */,
				672AA3C716B5A6D300B7DEE6 /* PerformanceViewController.m in Sources */,
				672AA4F216B602A500B7DEE6 /* ChartViewController.m in Sources */,
				672AA4F516B6128700B7DEE6 /* StartViewController.m in Sources */,
				672AA4F916B6150B00B7DEE6 /* GoalsViewController.m in Sources */,
				672AA50D16B73DAE00B7DEE6 /* JSSlidingViewController.m in Sources */,
			);
			runOnlyForDeploymentPostprocessing = 0;
		};
/* End PBXSourcesBuildPhase section */

/* Begin PBXVariantGroup section */
		67236D1116409B7700DD13C5 /* InfoPlist.strings */ = {
			isa = PBXVariantGroup;
			children = (
				67236D1216409B7700DD13C5 /* en */,
			);
			name = InfoPlist.strings;
			sourceTree = "<group>";
		};
/* End PBXVariantGroup section */

/* Begin XCBuildConfiguration section */
		67236D3116409B7700DD13C5 /* Debug */ = {
			isa = XCBuildConfiguration;
			buildSettings = {
				ALWAYS_SEARCH_USER_PATHS = NO;
				CLANG_CXX_LANGUAGE_STANDARD = "gnu++0x";
				CLANG_CXX_LIBRARY = "libc++";
				CLANG_ENABLE_OBJC_ARC = YES;
				CLANG_WARN_EMPTY_BODY = YES;
				CLANG_WARN__DUPLICATE_METHOD_MATCH = YES;
				"CODE_SIGN_IDENTITY[sdk=iphoneos*]" = "iPhone Developer";
				COPY_PHASE_STRIP = NO;
				GCC_C_LANGUAGE_STANDARD = gnu99;
				GCC_DYNAMIC_NO_PIC = NO;
				GCC_OPTIMIZATION_LEVEL = 0;
				GCC_PREPROCESSOR_DEFINITIONS = (
					"DEBUG=1",
					"$(inherited)",
				);
				GCC_SYMBOLS_PRIVATE_EXTERN = NO;
				GCC_WARN_ABOUT_RETURN_TYPE = YES;
				GCC_WARN_UNINITIALIZED_AUTOS = YES;
				GCC_WARN_UNUSED_VARIABLE = YES;
				IPHONEOS_DEPLOYMENT_TARGET = 6.0;
				SDKROOT = iphoneos;
			};
			name = Debug;
		};
		67236D3216409B7700DD13C5 /* Release */ = {
			isa = XCBuildConfiguration;
			buildSettings = {
				ALWAYS_SEARCH_USER_PATHS = NO;
				CLANG_CXX_LANGUAGE_STANDARD = "gnu++0x";
				CLANG_CXX_LIBRARY = "libc++";
				CLANG_ENABLE_OBJC_ARC = YES;
				CLANG_WARN_EMPTY_BODY = YES;
				CLANG_WARN__DUPLICATE_METHOD_MATCH = YES;
				"CODE_SIGN_IDENTITY[sdk=iphoneos*]" = "iPhone Developer";
				COPY_PHASE_STRIP = YES;
				GCC_C_LANGUAGE_STANDARD = gnu99;
				GCC_WARN_ABOUT_RETURN_TYPE = YES;
				GCC_WARN_UNINITIALIZED_AUTOS = YES;
				GCC_WARN_UNUSED_VARIABLE = YES;
				IPHONEOS_DEPLOYMENT_TARGET = 6.0;
				OTHER_CFLAGS = "-DNS_BLOCK_ASSERTIONS=1";
				SDKROOT = iphoneos;
				VALIDATE_PRODUCT = YES;
			};
			name = Release;
		};
		67236D3416409B7700DD13C5 /* Debug */ = {
			isa = XCBuildConfiguration;
			buildSettings = {
				GCC_PRECOMPILE_PREFIX_HEADER = YES;
				GCC_PREFIX_HEADER = "RunnersCompass/RunnersCompass-Prefix.pch";
				INFOPLIST_FILE = "RunnersCompass/RunnersCompass-Info.plist";
				LIBRARY_SEARCH_PATHS = (
					"$(inherited)",
					"\"$(SRCROOT)/../../Downloads/CorePlot_1.1/Binaries/iOS\"",
				);
				OTHER_LDFLAGS = (
					"-all_load",
					"-ObjC",
				);
				PRODUCT_NAME = "$(TARGET_NAME)";
				WRAPPER_EXTENSION = app;
			};
			name = Debug;
		};
		67236D3516409B7700DD13C5 /* Release */ = {
			isa = XCBuildConfiguration;
			buildSettings = {
				GCC_PRECOMPILE_PREFIX_HEADER = YES;
				GCC_PREFIX_HEADER = "RunnersCompass/RunnersCompass-Prefix.pch";
				INFOPLIST_FILE = "RunnersCompass/RunnersCompass-Info.plist";
				LIBRARY_SEARCH_PATHS = (
					"$(inherited)",
					"\"$(SRCROOT)/../../Downloads/CorePlot_1.1/Binaries/iOS\"",
				);
				OTHER_LDFLAGS = (
					"-all_load",
					"-ObjC",
				);
				PRODUCT_NAME = "$(TARGET_NAME)";
				WRAPPER_EXTENSION = app;
			};
			name = Release;
		};
/* End XCBuildConfiguration section */

/* Begin XCConfigurationList section */
		67236CFE16409B7700DD13C5 /* Build configuration list for PBXProject "RunnersCompass" */ = {
			isa = XCConfigurationList;
			buildConfigurations = (
				67236D3116409B7700DD13C5 /* Debug */,
				67236D3216409B7700DD13C5 /* Release */,
			);
			defaultConfigurationIsVisible = 0;
			defaultConfigurationName = Release;
		};
		67236D3316409B7700DD13C5 /* Build configuration list for PBXNativeTarget "RunnersCompass" */ = {
			isa = XCConfigurationList;
			buildConfigurations = (
				67236D3416409B7700DD13C5 /* Debug */,
				67236D3516409B7700DD13C5 /* Release */,
			);
			defaultConfigurationIsVisible = 0;
			defaultConfigurationName = Release;
		};
/* End XCConfigurationList section */
	};
	rootObject = 67236CFB16409B7700DD13C5 /* Project object */;
}
